
Microsoft Visual Studio Solution File, Format Version 12.00
# Visual Studio Version 17
VisualStudioVersion = 17.13.35931.197 d17.13
MinimumVisualStudioVersion = 10.0.40219.1
Project("{FAE04EC0-301F-11D3-BF4B-00C04F79EFBC}") = "Assignment 1.3.1", "Assignment 1.3.1.csproj", "{59393D0D-5671-4AD5-9684-53670EBE0665}"
EndProject
Global
	GlobalSection(SolutionConfigurationPlatforms) = preSolution
		Debug|Any CPU = Debug|Any CPU
		Release|Any CPU = Release|Any CPU
	EndGlobalSection
	GlobalSection(ProjectConfigurationPlatforms) = postSolution
		{59393D0D-5671-4AD5-9684-53670EBE0665}.Debug|Any CPU.ActiveCfg = Debug|Any CPU
		{59393D0D-5671-4AD5-9684-53670EBE0665}.Debug|Any CPU.Build.0 = Debug|Any CPU
		{59393D0D-5671-4AD5-9684-53670EBE0665}.Release|Any CPU.ActiveCfg = Release|Any CPU
		{59393D0D-5671-4AD5-9684-53670EBE0665}.Release|Any CPU.Build.0 = Release|Any CPU
	EndGlobalSection
	GlobalSection(SolutionProperties) = preSolution
		HideSolutionNode = FALSE
	EndGlobalSection
	GlobalSection(ExtensibilityGlobals) = postSolution
		SolutionGuid = {2B61FFB7-3904-45FC-933F-FDA412AE8EA7}
	EndGlobalSection
EndGlobal
